Microsoft Visual Studio Solution File, Format Version 12.00
# Visual Studio Version 17
VisualStudioVersion = 17.5.2.0
MinimumVisualStudioVersion = 10.0.40219.1
Project("{FAE04EC0-301F-11D3-BF4B-00C04F79EFBC}") = "iac-pulumi-csharp-demo", "iac-pulumi-csharp-demo.csproj", "{078D5D2A-5C3C-9E02-CA76-F6193D18811A}"
EndProject
Global
	GlobalSection(SolutionConfigurationPlatforms) = preSolution
		Debug|Any CPU = Debug|Any CPU
		Release|Any CPU = Release|Any CPU
	EndGlobalSection
	GlobalSection(ProjectConfigurationPlatforms) = postSolution
		{078D5D2A-5C3C-9E02-CA76-F6193D18811A}.Debug|Any CPU.ActiveCfg = Debug|Any CPU
		{078D5D2A-5C3C-9E02-CA76-F6193D18811A}.Debug|Any CPU.Build.0 = Debug|Any CPU
		{078D5D2A-5C3C-9E02-CA76-F6193D18811A}.Release|Any CPU.ActiveCfg = Release|Any CPU
		{078D5D2A-5C3C-9E02-CA76-F6193D18811A}.Release|Any CPU.Build.0 = Release|Any CPU
	EndGlobalSection
	GlobalSection(SolutionProperties) = preSolution
		HideSolutionNode = FALSE
	EndGlobalSection
	GlobalSection(NestedProjects) = preSolution
	EndGlobalSection
	GlobalSection(ExtensibilityGlobals) = postSolution
		SolutionGuid = {4EB970C3-9629-455B-A6F6-EB0852A75245}
	EndGlobalSection
EndGlobal
